
Microsoft Visual Studio Solution File, Format Version 12.00
# Visual Studio Version 16
VisualStudioVersion = 16.0.30011.22
MinimumVisualStudioVersion = 10.0.40219.1
Project("{9A19103F-16F7-4668-BE54-9A1E7A4F7556}") = "Prework-challenges", "Prework-challenges\Prework-challenges.csproj", "{32EC48B0-2762-4C53-A125-076A2FFEC927}"
EndProject
Global
	GlobalSection(SolutionConfigurationPlatforms) = preSolution
		Debug|Any CPU = Debug|Any CPU
		Release|Any CPU = Release|Any CPU
	EndGlobalSection
	GlobalSection(ProjectConfigurationPlatforms) = postSolution
		{32EC48B0-2762-4C53-A125-076A2FFEC927}.Debug|Any CPU.ActiveCfg = Debug|Any CPU
		{32EC48B0-2762-4C53-A125-076A2FFEC927}.Debug|Any CPU.Build.0 = Debug|Any CPU
		{32EC48B0-2762-4C53-A125-076A2FFEC927}.Release|Any CPU.ActiveCfg = Release|Any CPU
		{32EC48B0-2762-4C53-A125-076A2FFEC927}.Release|Any CPU.Build.0 = Release|Any CPU
	EndGlobalSection
	GlobalSection(SolutionProperties) = preSolution
		HideSolutionNode = FALSE
	EndGlobalSection
	GlobalSection(ExtensibilityGlobals) = postSolution
		SolutionGuid = {BEA75F53-674B-48A7-A57E-F37ACBF73A88}
	EndGlobalSection
EndGlobal
